// !$*UTF8*$!
{
	archiveVersion = 1;
	classes = {
	};
	objectVersion = 50;
	objects = {

/* Begin PBXBuildFile section */
		212A66E1228BB512009512FB /* Leaner2Model.swift in Sources */ = {isa = PBXBuildFile; fileRef = 212A66E0228BB512009512FB /* Leaner2Model.swift */; };
		212A66E5228BB658009512FB /* SecondViewController.swift in Sources */ = {isa = PBXBuildFile; fileRef = 212A66E4228BB658009512FB /* SecondViewController.swift */; };
		212A66E7228BC4E5009512FB /* FacilitatorModel.swift in Sources */ = {isa = PBXBuildFile; fileRef = 212A66E6228BC4E5009512FB /* FacilitatorModel.swift */; };
		2164BC09228B9D450099CAC2 /* AppDelegate.swift in Sources */ = {isa = PBXBuildFile; fileRef = 2164BC08228B9D450099CAC2 /* AppDelegate.swift */; };
		2164BC0B228B9D450099CAC2 /* ViewController.swift in Sources */ = {isa = PBXBuildFile; fileRef = 2164BC0A228B9D450099CAC2 /* ViewController.swift */; };
		2164BC0E228B9D450099CAC2 /* Main.storyboard in Resources */ = {isa = PBXBuildFile; fileRef = 2164BC0C228B9D450099CAC2 /* Main.storyboard */; };
		2164BC11228B9D450099CAC2 /* GitHub_Lesson_1a.xcdatamodeld in Sources */ = {isa = PBXBuildFile; fileRef = 2164BC0F228B9D450099CAC2 /* GitHub_Lesson_1a.xcdatamodeld */; };
		2164BC13228B9D450099CAC2 /* Assets.xcassets in Resources */ = {isa = PBXBuildFile; fileRef = 2164BC12228B9D450099CAC2 /* Assets.xcassets */; };
		2164BC16228B9D450099CAC2 /* LaunchScreen.storyboard in Resources */ = {isa = PBXBuildFile; fileRef = 2164BC14228B9D450099CAC2 /* LaunchScreen.storyboard */; };
		2164BC1E228BA8880099CAC2 /* LeanerModel.swift in Sources */ = {isa = PBXBuildFile; fileRef = 2164BC1D228BA8880099CAC2 /* LeanerModel.swift */; };
/* End PBXBuildFile section */

/* Begin PBXFileReference section */
		212A66E0228BB512009512FB /* Leaner2Model.swift */ = {isa = PBXFileReference; lastKnownFileType = sourcecode.swift; path = Leaner2Model.swift; sourceTree = "<group>"; };
		212A66E4228BB658009512FB /* SecondViewController.swift */ = {isa = PBXFileReference; lastKnownFileType = sourcecode.swift; path = SecondViewController.swift; sourceTree = "<group>"; };
		212A66E6228BC4E5009512FB /* FacilitatorModel.swift */ = {isa = PBXFileReference; lastKnownFileType = sourcecode.swift; path = FacilitatorModel.swift; sourceTree = "<group>"; };
		2164BC05228B9D450099CAC2 /* GitHub Lesson 1a.app */ = {isa = PBXFileReference; explicitFileType = wrapper.application; includeInIndex = 0; path = "GitHub Lesson 1a.app"; sourceTree = BUILT_PRODUCTS_DIR; };
		2164BC08228B9D450099CAC2 /* AppDelegate.swift */ = {isa = PBXFileReference; lastKnownFileType = sourcecode.swift; path = AppDelegate.swift; sourceTree = "<group>"; };
		2164BC0A228B9D450099CAC2 /* ViewController.swift */ = {isa = PBXFileReference; lastKnownFileType = sourcecode.swift; path = ViewController.swift; sourceTree = "<group>"; };
		2164BC0D228B9D450099CAC2 /* Base */ = {isa = PBXFileReference; lastKnownFileType = file.storyboard; name = Base; path = Base.lproj/Main.storyboard; sourceTree = "<group>"; };
		2164BC10228B9D450099CAC2 /* GitHub_Lesson_1a.xcdatamodel */ = {isa = PBXFileReference; lastKnownFileType = wrapper.xcdatamodel; path = GitHub_Lesson_1a.xcdatamodel; sourceTree = "<group>"; };
		2164BC12228B9D450099CAC2 /* Assets.xcassets */ = {isa = PBXFileReference; lastKnownFileType = folder.assetcatalog; path = Assets.xcassets; sourceTree = "<group>"; };
		2164BC15228B9D450099CAC2 /* Base */ = {isa = PBXFileReference; lastKnownFileType = file.storyboard; name = Base; path = Base.lproj/LaunchScreen.storyboard; sourceTree = "<group>"; };
		2164BC17228B9D450099CAC2 /* Info.plist */ = {isa = PBXFileReference; lastKnownFileType = text.plist.xml; path = Info.plist; sourceTree = "<group>"; };
		2164BC1D228BA8880099CAC2 /* LeanerModel.swift */ = {isa = PBXFileReference; lastKnownFileType = sourcecode.swift; path = LeanerModel.swift; sourceTree = "<group>"; };
/* End PBXFileReference section */

/* Begin PBXFrameworksBuildPhase section */
		2164BC02228B9D450099CAC2 /* Frameworks */ = {
			isa = PBXFrameworksBuildPhase;
			buildActionMask = 2147483647;
			files = (
			);
			runOnlyForDeploymentPostprocessing = 0;
		};
/* End PBXFrameworksBuildPhase section */

/* Begin PBXGroup section */
		2164BBFC228B9D450099CAC2 = {
			isa = PBXGroup;
			children = (
				2164BC07228B9D450099CAC2 /* GitHub Lesson 1a */,
				2164BC06228B9D450099CAC2 /* Products */,
			);
			sourceTree = "<group>";
		};
		2164BC06228B9D450099CAC2 /* Products */ = {
			isa = PBXGroup;
			children = (
				2164BC05228B9D450099CAC2 /* GitHub Lesson 1a.app */,
			);
			name = Products;
			sourceTree = "<group>";
		};
		2164BC07228B9D450099CAC2 /* GitHub Lesson 1a */ = {
			isa = PBXGroup;
			children = (
				212A66E4228BB658009512FB /* SecondViewController.swift */,
				2164BC08228B9D450099CAC2 /* AppDelegate.swift */,
				2164BC0A228B9D450099CAC2 /* ViewController.swift */,
				212A66E6228BC4E5009512FB /* FacilitatorModel.swift */,
				2164BC1D228BA8880099CAC2 /* LeanerModel.swift */,
				212A66E0228BB512009512FB /* Leaner2Model.swift */,
				2164BC0C228B9D450099CAC2 /* Main.storyboard */,
				2164BC12228B9D450099CAC2 /* Assets.xcassets */,
				2164BC14228B9D450099CAC2 /* LaunchScreen.storyboard */,
				2164BC17228B9D450099CAC2 /* Info.plist */,
				2164BC0F228B9D450099CAC2 /* GitHub_Lesson_1a.xcdatamodeld */,
			);
			path = "GitHub Lesson 1a";
			sourceTree = "<group>";
		};
/* End PBXGroup section */

/* Begin PBXNativeTarget section */
		2164BC04228B9D450099CAC2 /* GitHub Lesson 1a */ = {
			isa = PBXNativeTarget;
			buildConfigurationList = 2164BC1A228B9D450099CAC2 /* Build configuration list for PBXNativeTarget "GitHub Lesson 1a" */;
			buildPhases = (
				2164BC01228B9D450099CAC2 /* Sources */,
				2164BC02228B9D450099CAC2 /* Frameworks */,
				2164BC03228B9D450099CAC2 /* Resources */,
			);
			buildRules = (
			);
			dependencies = (
			);
			name = "GitHub Lesson 1a";
			productName = "GitHub Lesson 1a";
			productReference = 2164BC05228B9D450099CAC2 /* GitHub Lesson 1a.app */;
			productType = "com.apple.product-type.application";
		};
/* End PBXNativeTarget section */

/* Begin PBXProject section */
		2164BBFD228B9D450099CAC2 /* Project object */ = {
			isa = PBXProject;
			attributes = {
				LastSwiftUpdateCheck = 1020;
				LastUpgradeCheck = 1020;
				ORGANIZATIONNAME = "Patrick Sebastian Lie";
				TargetAttributes = {
					2164BC04228B9D450099CAC2 = {
						CreatedOnToolsVersion = 10.2.1;
					};
				};
			};
			buildConfigurationList = 2164BC00228B9D450099CAC2 /* Build configuration list for PBXProject "GitHub Lesson 1a" */;
			compatibilityVersion = "Xcode 9.3";
			developmentRegion = en;
			hasScannedForEncodings = 0;
			knownRegions = (
				en,
				Base,
			);
			mainGroup = 2164BBFC228B9D450099CAC2;
			productRefGroup = 2164BC06228B9D450099CAC2 /* Products */;
			projectDirPath = "";
			projectRoot = "";
			targets = (
				2164BC04228B9D450099CAC2 /* GitHub Lesson 1a */,
			);
		};
/* End PBXProject section */

/* Begin PBXResourcesBuildPhase section */
		2164BC03228B9D450099CAC2 /* Resources */ = {
			isa = PBXResourcesBuildPhase;
			buildActionMask = 2147483647;
			files = (
				2164BC16228B9D450099CAC2 /* LaunchScreen.storyboard in Resources */,
				2164BC13228B9D450099CAC2 /* Assets.xcassets in Resources */,
				2164BC0E228B9D450099CAC2 /* Main.storyboard in Resources */,
			);
			runOnlyForDeploymentPostprocessing = 0;
		};
/* End PBXResourcesBuildPhase section */

/* Begin PBXSourcesBuildPhase section */
		2164BC01228B9D450099CAC2 /* Sources */ = {
			isa = PBXSourcesBuildPhase;
			buildActionMask = 2147483647;
			files = (
				212A66E5228BB658009512FB /* SecondViewController.swift in Sources */,
				2164BC1E228BA8880099CAC2 /* LeanerModel.swift in Sources */,
				2164BC11228B9D450099CAC2 /* GitHub_Lesson_1a.xcdatamodeld in Sources */,
				212A66E1228BB512009512FB /* Leaner2Model.swift in Sources */,
				2164BC0B228B9D450099CAC2 /* ViewController.swift in Sources */,
				212A66E7228BC4E5009512FB /* FacilitatorModel.swift in Sources */,
				2164BC09228B9D450099CAC2 /* AppDelegate.swift in Sources */,
			);
			runOnlyForDeploymentPostprocessing = 0;
		};
/* End PBXSourcesBuildPhase section */

/* Begin PBXVariantGroup section */
		2164BC0C228B9D450099CAC2 /* Main.storyboard */ = {
			isa = PBXVariantGroup;
			children = (
				2164BC0D228B9D450099CAC2 /* Base */,
			);
			name = Main.storyboard;
			sourceTree = "<group>";
		};
		2164BC14228B9D450099CAC2 /* LaunchScreen.storyboard */ = {
			isa = PBXVariantGroup;
			children = (
				2164BC15228B9D450099CAC2 /* Base */,
			);
			name = LaunchScreen.storyboard;
			sourceTree = "<group>";
		};
/* End PBXVariantGroup section */

/* Begin XCBuildConfiguration section */
		2164BC18228B9D450099CAC2 /* Debug */ = {
			isa = XCBuildConfiguration;
			buildSettings = {
				ALWAYS_SEARCH_USER_PATHS = NO;
				CLANG_ANALYZER_NONNULL = YES;
				CLANG_ANALYZER_NUMBER_OBJECT_CONVERSION = YES_AGGRESSIVE;
				CLANG_CXX_LANGUAGE_STANDARD = "gnu++14";
				CLANG_CXX_LIBRARY = "libc++";
				CLANG_ENABLE_MODULES = YES;
				CLANG_ENABLE_OBJC_ARC = YES;
				CLANG_ENABLE_OBJC_WEAK = YES;
				CLANG_WARN_BLOCK_CAPTURE_AUTORELEASING = YES;
				CLANG_WARN_BOOL_CONVERSION = YES;
				CLANG_WARN_COMMA = YES;
				CLANG_WARN_CONSTANT_CONVERSION = YES;
				CLANG_WARN_DEPRECATED_OBJC_IMPLEMENTATIONS = YES;
				CLANG_WARN_DIRECT_OBJC_ISA_USAGE = YES_ERROR;
				CLANG_WARN_DOCUMENTATION_COMMENTS = YES;
				CLANG_WARN_EMPTY_BODY = YES;
				CLANG_WARN_ENUM_CONVERSION = YES;
				CLANG_WARN_INFINITE_RECURSION = YES;
				CLANG_WARN_INT_CONVERSION = YES;
				CLANG_WARN_NON_LITERAL_NULL_CONVERSION = YES;
				CLANG_WARN_OBJC_IMPLICIT_RETAIN_SELF = YES;
				CLANG_WARN_OBJC_LITERAL_CONVERSION = YES;
				CLANG_WARN_OBJC_ROOT_CLASS = YES_ERROR;
				CLANG_WARN_RANGE_LOOP_ANALYSIS = YES;
				CLANG_WARN_STRICT_PROTOTYPES = YES;
				CLANG_WARN_SUSPICIOUS_MOVE = YES;
				CLANG_WARN_UNGUARDED_AVAILABILITY = YES_AGGRESSIVE;
				CLANG_WARN_UNREACHABLE_CODE = YES;
				CLANG_WARN__DUPLICATE_METHOD_MATCH = YES;
				CODE_SIGN_IDENTITY = "iPhone Developer";
				COPY_PHASE_STRIP = NO;
				DEBUG_INFORMATION_FORMAT = dwarf;
				ENABLE_STRICT_OBJC_MSGSEND = YES;
				ENABLE_TESTABILITY = YES;
				GCC_C_LANGUAGE_STANDARD = gnu11;
				GCC_DYNAMIC_NO_PIC = NO;
				GCC_NO_COMMON_BLOCKS = YES;
				GCC_OPTIMIZATION_LEVEL = 0;
				GCC_PREPROCESSOR_DEFINITIONS = (
					"DEBUG=1",
					"$(inherited)",
				);
				GCC_WARN_64_TO_32_BIT_CONVERSION = YES;
				GCC_WARN_ABOUT_RETURN_TYPE = YES_ERROR;
				GCC_WARN_UNDECLARED_SELECTOR = YES;
				GCC_WARN_UNINITIALIZED_AUTOS = YES_AGGRESSIVE;
				GCC_WARN_UNUSED_FUNCTION = YES;
				GCC_WARN_UNUSED_VARIABLE = YES;
				IPHONEOS_DEPLOYMENT_TARGET = 12.2;
				MTL_ENABLE_DEBUG_INFO = INCLUDE_SOURCE;
				MTL_FAST_MATH = YES;
				ONLY_ACTIVE_ARCH = YES;
				SDKROOT = iphoneos;
				SWIFT_ACTIVE_COMPILATION_CONDITIONS = DEBUG;
				SWIFT_OPTIMIZATION_LEVEL = "-Onone";
			};
			name = Debug;
		};
		2164BC19228B9D450099CAC2 /* Release */ = {
			isa = XCBuildConfiguration;
			buildSettings = {
				ALWAYS_SEARCH_USER_PATHS = NO;
				CLANG_ANALYZER_NONNULL = YES;
				CLANG_ANALYZER_NUMBER_OBJECT_CONVERSION = YES_AGGRESSIVE;
				CLANG_CXX_LANGUAGE_STANDARD = "gnu++14";
				CLANG_CXX_LIBRARY = "libc++";
				CLANG_ENABLE_MODULES = YES;
				CLANG_ENABLE_OBJC_ARC = YES;
				CLANG_ENABLE_OBJC_WEAK = YES;
				CLANG_WARN_BLOCK_CAPTURE_AUTORELEASING = YES;
				CLANG_WARN_BOOL_CONVERSION = YES;
				CLANG_WARN_COMMA = YES;
				CLANG_WARN_CONSTANT_CONVERSION = YES;
				CLANG_WARN_DEPRECATED_OBJC_IMPLEMENTATIONS = YES;
				CLANG_WARN_DIRECT_OBJC_ISA_USAGE = YES_ERROR;
				CLANG_WARN_DOCUMENTATION_COMMENTS = YES;
				CLANG_WARN_EMPTY_BODY = YES;
				CLANG_WARN_ENUM_CONVERSION = YES;
				CLANG_WARN_INFINITE_RECURSION = YES;
				CLANG_WARN_INT_CONVERSION = YES;
				CLANG_WARN_NON_LITERAL_NULL_CONVERSION = YES;
				CLANG_WARN_OBJC_IMPLICIT_RETAIN_SELF = YES;
				CLANG_WARN_OBJC_LITERAL_CONVERSION = YES;
				CLANG_WARN_OBJC_ROOT_CLASS = YES_ERROR;
				CLANG_WARN_RANGE_LOOP_ANALYSIS = YES;
				CLANG_WARN_STRICT_PROTOTYPES = YES;
				CLANG_WARN_SUSPICIOUS_MOVE = YES;
				CLANG_WARN_UNGUARDED_AVAILABILITY = YES_AGGRESSIVE;
				CLANG_WARN_UNREACHABLE_CODE = YES;
				CLANG_WARN__DUPLICATE_METHOD_MATCH = YES;
				CODE_SIGN_IDENTITY = "iPhone Developer";
				COPY_PHASE_STRIP = NO;
				DEBUG_INFORMATION_FORMAT = "dwarf-with-dsym";
				ENABLE_NS_ASSERTIONS = NO;
				ENABLE_STRICT_OBJC_MSGSEND = YES;
				GCC_C_LANGUAGE_STANDARD = gnu11;
				GCC_NO_COMMON_BLOCKS = YES;
				GCC_WARN_64_TO_32_BIT_CONVERSION = YES;
				GCC_WARN_ABOUT_RETURN_TYPE = YES_ERROR;
				GCC_WARN_UNDECLARED_SELECTOR = YES;
				GCC_WARN_UNINITIALIZED_AUTOS = YES_AGGRESSIVE;
				GCC_WARN_UNUSED_FUNCTION = YES;
				GCC_WARN_UNUSED_VARIABLE = YES;
				IPHONEOS_DEPLOYMENT_TARGET = 12.2;
				MTL_ENABLE_DEBUG_INFO = NO;
				MTL_FAST_MATH = YES;
				SDKROOT = iphoneos;
				SWIFT_COMPILATION_MODE = wholemodule;
				SWIFT_OPTIMIZATION_LEVEL = "-O";
				VALIDATE_PRODUCT = YES;
			};
			name = Release;
		};
		2164BC1B228B9D450099CAC2 /* Debug */ = {
			isa = XCBuildConfiguration;
			buildSettings = {
				ASSETCATALOG_COMPILER_APPICON_NAME = AppIcon;
				CODE_SIGN_STYLE = Automatic;
				INFOPLIST_FILE = "GitHub Lesson 1a/Info.plist";
				LD_RUNPATH_SEARCH_PATHS = (
					"$(inherited)",
					"@executable_path/Frameworks",
				);
				PRODUCT_BUNDLE_IDENTIFIER = "Patrick.GitHub-Lesson-1a";
				PRODUCT_NAME = "$(TARGET_NAME)";
				SWIFT_VERSION = 5.0;
				TARGETED_DEVICE_FAMILY = "1,2";
			};
			name = Debug;
		};
		2164BC1C228B9D450099CAC2 /* Release */ = {
			isa = XCBuildConfiguration;
			buildSettings = {
				ASSETCATALOG_COMPILER_APPICON_NAME = AppIcon;
				CODE_SIGN_STYLE = Automatic;
				INFOPLIST_FILE = "GitHub Lesson 1a/Info.plist";
				LD_RUNPATH_SEARCH_PATHS = (
					"$(inherited)",
					"@executable_path/Frameworks",
				);
				PRODUCT_BUNDLE_IDENTIFIER = "Patrick.GitHub-Lesson-1a";
				PRODUCT_NAME = "$(TARGET_NAME)";
				SWIFT_VERSION = 5.0;
				TARGETED_DEVICE_FAMILY = "1,2";
			};
			name = Release;
		};
/* End XCBuildConfiguration section */

/* Begin XCConfigurationList section */
		2164BC00228B9D450099CAC2 /* Build configuration list for PBXProject "GitHub Lesson 1a" */ = {
			isa = XCConfigurationList;
			buildConfigurations = (
				2164BC18228B9D450099CAC2 /* Debug */,
				2164BC19228B9D450099CAC2 /* Release */,
			);
			defaultConfigurationIsVisible = 0;
			defaultConfigurationName = Release;
		};
		2164BC1A228B9D450099CAC2 /* Build configuration list for PBXNativeTarget "GitHub Lesson 1a" */ = {
			isa = XCConfigurationList;
			buildConfigurations = (
				2164BC1B228B9D450099CAC2 /* Debug */,
				2164BC1C228B9D450099CAC2 /* Release */,
			);
			defaultConfigurationIsVisible = 0;
			defaultConfigurationName = Release;
		};
/* End XCConfigurationList section */

/* Begin XCVersionGroup section */
		2164BC0F228B9D450099CAC2 /* GitHub_Lesson_1a.xcdatamodeld */ = {
			isa = XCVersionGroup;
			children = (
				2164BC10228B9D450099CAC2 /* GitHub_Lesson_1a.xcdatamodel */,
			);
			currentVersion = 2164BC10228B9D450099CAC2 /* GitHub_Lesson_1a.xcdatamodel */;
			path = GitHub_Lesson_1a.xcdatamodeld;
			sourceTree = "<group>";
			versionGroupType = wrapper.xcdatamodel;
		};
/* End XCVersionGroup section */
	};
	rootObject = 2164BBFD228B9D450099CAC2 /* Project object */;
}
